
Microsoft Visual Studio Solution File, Format Version 12.00
# Visual Studio 15
VisualStudioVersion = 15.0.28307.421
MinimumVisualStudioVersion = 10.0.40219.1
Project("{8BC9CEB8-8B4A-11D0-8D11-00A0C91BC942}") = "test4.2", "test4.2.vcxproj", "{5ACF7764-66B5-4383-A31B-09E8DD67D85F}"
EndProject
Project("{8BC9CEB8-8B4A-11D0-8D11-00A0C91BC942}") = "runner", "..\runner\runner.vcxproj", "{A6AB54E7-DFC0-403F-ADE4-19EECC88155F}"
EndProject
Project("{FAE04EC0-301F-11D3-BF4B-00C04F79EFBC}") = "ravendb4.2_test", "..\ravendb4.2_test\ravendb4.2_test.csproj", "{2F824124-E556-42ED-84B7-8B5E52717887}"
EndProject
Global
	GlobalSection(SolutionConfigurationPlatforms) = preSolution
		Debug|Any CPU = Debug|Any CPU
		Debug|x64 = Debug|x64
		Debug|x86 = Debug|x86
		Release|Any CPU = Release|Any CPU
		Release|x64 = Release|x64
		Release|x86 = Release|x86
	EndGlobalSection
	GlobalSection(ProjectConfigurationPlatforms) = postSolution
		{5ACF7764-66B5-4383-A31B-09E8DD67D85F}.Debug|Any CPU.ActiveCfg = Debug|Win32
		{5ACF7764-66B5-4383-A31B-09E8DD67D85F}.Debug|x64.ActiveCfg = Debug|x64
		{5ACF7764-66B5-4383-A31B-09E8DD67D85F}.Debug|x64.Build.0 = Debug|x64
		{5ACF7764-66B5-4383-A31B-09E8DD67D85F}.Debug|x86.ActiveCfg = Debug|Win32
		{5ACF7764-66B5-4383-A31B-09E8DD67D85F}.Debug|x86.Build.0 = Debug|Win32
		{5ACF7764-66B5-4383-A31B-09E8DD67D85F}.Release|Any CPU.ActiveCfg = Release|Win32
		{5ACF7764-66B5-4383-A31B-09E8DD67D85F}.Release|x64.ActiveCfg = Release|x64
		{5ACF7764-66B5-4383-A31B-09E8DD67D85F}.Release|x64.Build.0 = Release|x64
		{5ACF7764-66B5-4383-A31B-09E8DD67D85F}.Release|x86.ActiveCfg = Release|Win32
		{5ACF7764-66B5-4383-A31B-09E8DD67D85F}.Release|x86.Build.0 = Release|Win32
		{A6AB54E7-DFC0-403F-ADE4-19EECC88155F}.Debug|Any CPU.ActiveCfg = Debug|Win32
		{A6AB54E7-DFC0-403F-ADE4-19EECC88155F}.Debug|x64.ActiveCfg = Debug|x64
		{A6AB54E7-DFC0-403F-ADE4-19EECC88155F}.Debug|x64.Build.0 = Debug|x64
		{A6AB54E7-DFC0-403F-ADE4-19EECC88155F}.Debug|x86.ActiveCfg = Debug|Win32
		{A6AB54E7-DFC0-403F-ADE4-19EECC88155F}.Debug|x86.Build.0 = Debug|Win32
		{A6AB54E7-DFC0-403F-ADE4-19EECC88155F}.Release|Any CPU.ActiveCfg = Release|Win32
		{A6AB54E7-DFC0-403F-ADE4-19EECC88155F}.Release|x64.ActiveCfg = Release|x64
		{A6AB54E7-DFC0-403F-ADE4-19EECC88155F}.Release|x64.Build.0 = Release|x64
		{A6AB54E7-DFC0-403F-ADE4-19EECC88155F}.Release|x86.ActiveCfg = Release|Win32
		{A6AB54E7-DFC0-403F-ADE4-19EECC88155F}.Release|x86.Build.0 = Release|Win32
		{2F824124-E556-42ED-84B7-8B5E52717887}.Debug|Any CPU.ActiveCfg = Debug|Any CPU
		{2F824124-E556-42ED-84B7-8B5E52717887}.Debug|Any CPU.Build.0 = Debug|Any CPU
		{2F824124-E556-42ED-84B7-8B5E52717887}.Debug|x64.ActiveCfg = Debug|Any CPU
		{2F824124-E556-42ED-84B7-8B5E52717887}.Debug|x64.Build.0 = Debug|Any CPU
		{2F824124-E556-42ED-84B7-8B5E52717887}.Debug|x86.ActiveCfg = Debug|Any CPU
		{2F824124-E556-42ED-84B7-8B5E52717887}.Debug|x86.Build.0 = Debug|Any CPU
		{2F824124-E556-42ED-84B7-8B5E52717887}.Release|Any CPU.ActiveCfg = Release|Any CPU
		{2F824124-E556-42ED-84B7-8B5E52717887}.Release|Any CPU.Build.0 = Release|Any CPU
		{2F824124-E556-42ED-84B7-8B5E52717887}.Release|x64.ActiveCfg = Release|Any CPU
		{2F824124-E556-42ED-84B7-8B5E52717887}.Release|x64.Build.0 = Release|Any CPU
		{2F824124-E556-42ED-84B7-8B5E52717887}.Release|x86.ActiveCfg = Release|Any CPU
		{2F824124-E556-42ED-84B7-8B5E52717887}.Release|x86.Build.0 = Release|Any CPU
	EndGlobalSection
	GlobalSection(SolutionProperties) = preSolution
		HideSolutionNode = FALSE
	EndGlobalSection
	GlobalSection(ExtensibilityGlobals) = postSolution
		SolutionGuid = {3C26CABD-5EAF-4685-A339-A0EE855AF5C7}
	EndGlobalSection
EndGlobal
